// !$*UTF8*$!
{
	archiveVersion = 1;
	classes = {
	};
	objectVersion = 55;
	objects = {

/* Begin PBXBuildFile section */
		06AB6FC22883E1BE005C8685 /* AppDelegate.swift in Sources */ = {isa = PBXBuildFile; fileRef = 06AB6FC12883E1BE005C8685 /* AppDelegate.swift */; };
		06AB6FC42883E1BE005C8685 /* SceneDelegate.swift in Sources */ = {isa = PBXBuildFile; fileRef = 06AB6FC32883E1BE005C8685 /* SceneDelegate.swift */; };
		06AB6FC62883E1BE005C8685 /* ListViewController.swift in Sources */ = {isa = PBXBuildFile; fileRef = 06AB6FC52883E1BE005C8685 /* ListViewController.swift */; };
		06AB6FC92883E1BE005C8685 /* Main.storyboard in Resources */ = {isa = PBXBuildFile; fileRef = 06AB6FC72883E1BE005C8685 /* Main.storyboard */; };
		06AB6FCB2883E1BE005C8685 /* Assets.xcassets in Resources */ = {isa = PBXBuildFile; fileRef = 06AB6FCA2883E1BE005C8685 /* Assets.xcassets */; };
		06AB6FCE2883E1BE005C8685 /* LaunchScreen.storyboard in Resources */ = {isa = PBXBuildFile; fileRef = 06AB6FCC2883E1BE005C8685 /* LaunchScreen.storyboard */; };
		06AB6FDA2883ED61005C8685 /* ListViewControllerConfigurator.swift in Sources */ = {isa = PBXBuildFile; fileRef = 06AB6FD92883ED61005C8685 /* ListViewControllerConfigurator.swift */; };
		06AB6FDC2883ED74005C8685 /* ListViewControllerPresenter.swift in Sources */ = {isa = PBXBuildFile; fileRef = 06AB6FDB2883ED74005C8685 /* ListViewControllerPresenter.swift */; };
		06AB6FDE2883ED80005C8685 /* ListViewControllerRouter.swift in Sources */ = {isa = PBXBuildFile; fileRef = 06AB6FDD2883ED80005C8685 /* ListViewControllerRouter.swift */; };
		06AB6FE02883ED8B005C8685 /* ListViewControllerInteractor.swift in Sources */ = {isa = PBXBuildFile; fileRef = 06AB6FDF2883ED8B005C8685 /* ListViewControllerInteractor.swift */; };
		06B4E7DA2883EFF100053F6A /* DetailsViewController.swift in Sources */ = {isa = PBXBuildFile; fileRef = 06B4E7D92883EFF100053F6A /* DetailsViewController.swift */; };
		06B4E7DC2883EFFC00053F6A /* DetailsConfigurator.swift in Sources */ = {isa = PBXBuildFile; fileRef = 06B4E7DB2883EFFC00053F6A /* DetailsConfigurator.swift */; };
		06B4E7DE2883F00800053F6A /* DetailsPresenter.swift in Sources */ = {isa = PBXBuildFile; fileRef = 06B4E7DD2883F00800053F6A /* DetailsPresenter.swift */; };
		06B4E7E02883F04500053F6A /* DetailsRouter.swift in Sources */ = {isa = PBXBuildFile; fileRef = 06B4E7DF2883F04500053F6A /* DetailsRouter.swift */; };
		06B4E7E52883F19500053F6A /* ApiService.swift in Sources */ = {isa = PBXBuildFile; fileRef = 06B4E7E42883F19500053F6A /* ApiService.swift */; };
		06B4E7E92883F55900053F6A /* ServicesLocator.swift in Sources */ = {isa = PBXBuildFile; fileRef = 06B4E7E82883F55900053F6A /* ServicesLocator.swift */; };
		06B4E7EC2883F68000053F6A /* LaunchViewController.swift in Sources */ = {isa = PBXBuildFile; fileRef = 06B4E7EB2883F68000053F6A /* LaunchViewController.swift */; };
/* End PBXBuildFile section */

/* Begin PBXFileReference section */
		06AB6FBE2883E1BE005C8685 /* Check24TestTask.app */ = {isa = PBXFileReference; explicitFileType = wrapper.application; includeInIndex = 0; path = Check24TestTask.app; sourceTree = BUILT_PRODUCTS_DIR; };
		06AB6FC12883E1BE005C8685 /* AppDelegate.swift */ = {isa = PBXFileReference; lastKnownFileType = sourcecode.swift; path = AppDelegate.swift; sourceTree = "<group>"; };
		06AB6FC32883E1BE005C8685 /* SceneDelegate.swift */ = {isa = PBXFileReference; lastKnownFileType = sourcecode.swift; path = SceneDelegate.swift; sourceTree = "<group>"; };
		06AB6FC52883E1BE005C8685 /* ListViewController.swift */ = {isa = PBXFileReference; lastKnownFileType = sourcecode.swift; path = ListViewController.swift; sourceTree = "<group>"; };
		06AB6FC82883E1BE005C8685 /* Base */ = {isa = PBXFileReference; lastKnownFileType = file.storyboard; name = Base; path = Base.lproj/Main.storyboard; sourceTree = "<group>"; };
		06AB6FCA2883E1BE005C8685 /* Assets.xcassets */ = {isa = PBXFileReference; lastKnownFileType = folder.assetcatalog; path = Assets.xcassets; sourceTree = "<group>"; };
		06AB6FCD2883E1BE005C8685 /* Base */ = {isa = PBXFileReference; lastKnownFileType = file.storyboard; name = Base; path = Base.lproj/LaunchScreen.storyboard; sourceTree = "<group>"; };
		06AB6FCF2883E1BE005C8685 /* Info.plist */ = {isa = PBXFileReference; lastKnownFileType = text.plist.xml; path = Info.plist; sourceTree = "<group>"; };
		06AB6FD92883ED61005C8685 /* ListViewControllerConfigurator.swift */ = {isa = PBXFileReference; lastKnownFileType = sourcecode.swift; path = ListViewControllerConfigurator.swift; sourceTree = "<group>"; };
		06AB6FDB2883ED74005C8685 /* ListViewControllerPresenter.swift */ = {isa = PBXFileReference; lastKnownFileType = sourcecode.swift; path = ListViewControllerPresenter.swift; sourceTree = "<group>"; };
		06AB6FDD2883ED80005C8685 /* ListViewControllerRouter.swift */ = {isa = PBXFileReference; lastKnownFileType = sourcecode.swift; path = ListViewControllerRouter.swift; sourceTree = "<group>"; };
		06AB6FDF2883ED8B005C8685 /* ListViewControllerInteractor.swift */ = {isa = PBXFileReference; lastKnownFileType = sourcecode.swift; path = ListViewControllerInteractor.swift; sourceTree = "<group>"; };
		06B4E7D92883EFF100053F6A /* DetailsViewController.swift */ = {isa = PBXFileReference; lastKnownFileType = sourcecode.swift; path = DetailsViewController.swift; sourceTree = "<group>"; };
		06B4E7DB2883EFFC00053F6A /* DetailsConfigurator.swift */ = {isa = PBXFileReference; lastKnownFileType = sourcecode.swift; path = DetailsConfigurator.swift; sourceTree = "<group>"; };
		06B4E7DD2883F00800053F6A /* DetailsPresenter.swift */ = {isa = PBXFileReference; lastKnownFileType = sourcecode.swift; path = DetailsPresenter.swift; sourceTree = "<group>"; };
		06B4E7DF2883F04500053F6A /* DetailsRouter.swift */ = {isa = PBXFileReference; lastKnownFileType = sourcecode.swift; path = DetailsRouter.swift; sourceTree = "<group>"; };
		06B4E7E42883F19500053F6A /* ApiService.swift */ = {isa = PBXFileReference; lastKnownFileType = sourcecode.swift; path = ApiService.swift; sourceTree = "<group>"; };
		06B4E7E82883F55900053F6A /* ServicesLocator.swift */ = {isa = PBXFileReference; lastKnownFileType = sourcecode.swift; path = ServicesLocator.swift; sourceTree = "<group>"; };
		06B4E7EB2883F68000053F6A /* LaunchViewController.swift */ = {isa = PBXFileReference; lastKnownFileType = sourcecode.swift; path = LaunchViewController.swift; sourceTree = "<group>"; };
/* End PBXFileReference section */

/* Begin PBXFrameworksBuildPhase section */
		06AB6FBB2883E1BD005C8685 /* Frameworks */ = {
			isa = PBXFrameworksBuildPhase;
			buildActionMask = 2147483647;
			files = (
			);
			runOnlyForDeploymentPostprocessing = 0;
		};
/* End PBXFrameworksBuildPhase section */

/* Begin PBXGroup section */
		06AB6FB52883E1BD005C8685 = {
			isa = PBXGroup;
			children = (
				06AB6FC02883E1BE005C8685 /* Check24TestTask */,
				06AB6FBF2883E1BE005C8685 /* Products */,
			);
			sourceTree = "<group>";
		};
		06AB6FBF2883E1BE005C8685 /* Products */ = {
			isa = PBXGroup;
			children = (
				06AB6FBE2883E1BE005C8685 /* Check24TestTask.app */,
			);
			name = Products;
			sourceTree = "<group>";
		};
		06AB6FC02883E1BE005C8685 /* Check24TestTask */ = {
			isa = PBXGroup;
			children = (
				06AB6FCF2883E1BE005C8685 /* Info.plist */,
				06AB6FD72883ECB9005C8685 /* Recources */,
				06AB6FD62883ECA6005C8685 /* Sources */,
				06AB6FD52883EC95005C8685 /* General */,
			);
			path = Check24TestTask;
			sourceTree = "<group>";
		};
		06AB6FD52883EC95005C8685 /* General */ = {
			isa = PBXGroup;
			children = (
				06AB6FC12883E1BE005C8685 /* AppDelegate.swift */,
				06AB6FC32883E1BE005C8685 /* SceneDelegate.swift */,
				06B4E7E82883F55900053F6A /* ServicesLocator.swift */,
			);
			path = General;
			sourceTree = "<group>";
		};
		06AB6FD62883ECA6005C8685 /* Sources */ = {
			isa = PBXGroup;
			children = (
				06B4E7E62883F19B00053F6A /* Services */,
				06AB6FD82883ECDC005C8685 /* ViewControllers */,
				06AB6FCC2883E1BE005C8685 /* LaunchScreen.storyboard */,
				06AB6FC72883E1BE005C8685 /* Main.storyboard */,
			);
			path = Sources;
			sourceTree = "<group>";
		};
		06AB6FD72883ECB9005C8685 /* Recources */ = {
			isa = PBXGroup;
			children = (
				06AB6FCA2883E1BE005C8685 /* Assets.xcassets */,
			);
			path = Recources;
			sourceTree = "<group>";
		};
		06AB6FD82883ECDC005C8685 /* ViewControllers */ = {
			isa = PBXGroup;
			children = (
				06B4E7EA2883F66C00053F6A /* LaunchController */,
				06B4E7D82883EFD600053F6A /* DetailsController */,
				06B4E7D72883EFB000053F6A /* ListController */,
			);
			path = ViewControllers;
			sourceTree = "<group>";
		};
		06B4E7D72883EFB000053F6A /* ListController */ = {
			isa = PBXGroup;
			children = (
				06AB6FC52883E1BE005C8685 /* ListViewController.swift */,
				06AB6FD92883ED61005C8685 /* ListViewControllerConfigurator.swift */,
				06AB6FDB2883ED74005C8685 /* ListViewControllerPresenter.swift */,
				06AB6FDD2883ED80005C8685 /* ListViewControllerRouter.swift */,
				06AB6FDF2883ED8B005C8685 /* ListViewControllerInteractor.swift */,
			);
			path = ListController;
			sourceTree = "<group>";
		};
		06B4E7D82883EFD600053F6A /* DetailsController */ = {
			isa = PBXGroup;
			children = (
				06B4E7D92883EFF100053F6A /* DetailsViewController.swift */,
				06B4E7DB2883EFFC00053F6A /* DetailsConfigurator.swift */,
				06B4E7DD2883F00800053F6A /* DetailsPresenter.swift */,
				06B4E7DF2883F04500053F6A /* DetailsRouter.swift */,
			);
			path = DetailsController;
			sourceTree = "<group>";
		};
		06B4E7E62883F19B00053F6A /* Services */ = {
			isa = PBXGroup;
			children = (
				06B4E7E72883F2B300053F6A /* Api */,
			);
			path = Services;
			sourceTree = "<group>";
		};
		06B4E7E72883F2B300053F6A /* Api */ = {
			isa = PBXGroup;
			children = (
				06B4E7E42883F19500053F6A /* ApiService.swift */,
			);
			path = Api;
			sourceTree = "<group>";
		};
		06B4E7EA2883F66C00053F6A /* LaunchController */ = {
			isa = PBXGroup;
			children = (
				06B4E7EB2883F68000053F6A /* LaunchViewController.swift */,
			);
			path = LaunchController;
			sourceTree = "<group>";
		};
/* End PBXGroup section */

/* Begin PBXNativeTarget section */
		06AB6FBD2883E1BD005C8685 /* Check24TestTask */ = {
			isa = PBXNativeTarget;
			buildConfigurationList = 06AB6FD22883E1BE005C8685 /* Build configuration list for PBXNativeTarget "Check24TestTask" */;
			buildPhases = (
				06AB6FBA2883E1BD005C8685 /* Sources */,
				06AB6FBB2883E1BD005C8685 /* Frameworks */,
				06AB6FBC2883E1BD005C8685 /* Resources */,
			);
			buildRules = (
			);
			dependencies = (
			);
			name = Check24TestTask;
			productName = Check24TestTask;
			productReference = 06AB6FBE2883E1BE005C8685 /* Check24TestTask.app */;
			productType = "com.apple.product-type.application";
		};
/* End PBXNativeTarget section */

/* Begin PBXProject section */
		06AB6FB62883E1BD005C8685 /* Project object */ = {
			isa = PBXProject;
			attributes = {
				BuildIndependentTargetsInParallel = 1;
				LastSwiftUpdateCheck = 1320;
				LastUpgradeCheck = 1320;
				TargetAttributes = {
					06AB6FBD2883E1BD005C8685 = {
						CreatedOnToolsVersion = 13.2.1;
					};
				};
			};
			buildConfigurationList = 06AB6FB92883E1BD005C8685 /* Build configuration list for PBXProject "Check24TestTask" */;
			compatibilityVersion = "Xcode 13.0";
			developmentRegion = en;
			hasScannedForEncodings = 0;
			knownRegions = (
				en,
				Base,
			);
			mainGroup = 06AB6FB52883E1BD005C8685;
			productRefGroup = 06AB6FBF2883E1BE005C8685 /* Products */;
			projectDirPath = "";
			projectRoot = "";
			targets = (
				06AB6FBD2883E1BD005C8685 /* Check24TestTask */,
			);
		};
/* End PBXProject section */

/* Begin PBXResourcesBuildPhase section */
		06AB6FBC2883E1BD005C8685 /* Resources */ = {
			isa = PBXResourcesBuildPhase;
			buildActionMask = 2147483647;
			files = (
				06AB6FCE2883E1BE005C8685 /* LaunchScreen.storyboard in Resources */,
				06AB6FCB2883E1BE005C8685 /* Assets.xcassets in Resources */,
				06AB6FC92883E1BE005C8685 /* Main.storyboard in Resources */,
			);
			runOnlyForDeploymentPostprocessing = 0;
		};
/* End PBXResourcesBuildPhase section */

/* Begin PBXSourcesBuildPhase section */
		06AB6FBA2883E1BD005C8685 /* Sources */ = {
			isa = PBXSourcesBuildPhase;
			buildActionMask = 2147483647;
			files = (
				06B4E7E92883F55900053F6A /* ServicesLocator.swift in Sources */,
				06B4E7E02883F04500053F6A /* DetailsRouter.swift in Sources */,
				06AB6FC62883E1BE005C8685 /* ListViewController.swift in Sources */,
				06B4E7E52883F19500053F6A /* ApiService.swift in Sources */,
				06AB6FDA2883ED61005C8685 /* ListViewControllerConfigurator.swift in Sources */,
				06B4E7EC2883F68000053F6A /* LaunchViewController.swift in Sources */,
				06AB6FC22883E1BE005C8685 /* AppDelegate.swift in Sources */,
				06B4E7DA2883EFF100053F6A /* DetailsViewController.swift in Sources */,
				06AB6FDC2883ED74005C8685 /* ListViewControllerPresenter.swift in Sources */,
				06AB6FC42883E1BE005C8685 /* SceneDelegate.swift in Sources */,
				06B4E7DC2883EFFC00053F6A /* DetailsConfigurator.swift in Sources */,
				06B4E7DE2883F00800053F6A /* DetailsPresenter.swift in Sources */,
				06AB6FDE2883ED80005C8685 /* ListViewControllerRouter.swift in Sources */,
				06AB6FE02883ED8B005C8685 /* ListViewControllerInteractor.swift in Sources */,
			);
			runOnlyForDeploymentPostprocessing = 0;
		};
/* End PBXSourcesBuildPhase section */

/* Begin PBXVariantGroup section */
		06AB6FC72883E1BE005C8685 /* Main.storyboard */ = {
			isa = PBXVariantGroup;
			children = (
				06AB6FC82883E1BE005C8685 /* Base */,
			);
			name = Main.storyboard;
			sourceTree = "<group>";
		};
		06AB6FCC2883E1BE005C8685 /* LaunchScreen.storyboard */ = {
			isa = PBXVariantGroup;
			children = (
				06AB6FCD2883E1BE005C8685 /* Base */,
			);
			name = LaunchScreen.storyboard;
			sourceTree = "<group>";
		};
/* End PBXVariantGroup section */

/* Begin XCBuildConfiguration section */
		06AB6FD02883E1BE005C8685 /* Debug */ = {
			isa = XCBuildConfiguration;
			buildSettings = {
				ALWAYS_SEARCH_USER_PATHS = NO;
				CLANG_ANALYZER_NONNULL = YES;
				CLANG_ANALYZER_NUMBER_OBJECT_CONVERSION = YES_AGGRESSIVE;
				CLANG_CXX_LANGUAGE_STANDARD = "gnu++17";
				CLANG_CXX_LIBRARY = "libc++";
				CLANG_ENABLE_MODULES = YES;
				CLANG_ENABLE_OBJC_ARC = YES;
				CLANG_ENABLE_OBJC_WEAK = YES;
				CLANG_WARN_BLOCK_CAPTURE_AUTORELEASING = YES;
				CLANG_WARN_BOOL_CONVERSION = YES;
				CLANG_WARN_COMMA = YES;
				CLANG_WARN_CONSTANT_CONVERSION = YES;
				CLANG_WARN_DEPRECATED_OBJC_IMPLEMENTATIONS = YES;
				CLANG_WARN_DIRECT_OBJC_ISA_USAGE = YES_ERROR;
				CLANG_WARN_DOCUMENTATION_COMMENTS = YES;
				CLANG_WARN_EMPTY_BODY = YES;
				CLANG_WARN_ENUM_CONVERSION = YES;
				CLANG_WARN_INFINITE_RECURSION = YES;
				CLANG_WARN_INT_CONVERSION = YES;
				CLANG_WARN_NON_LITERAL_NULL_CONVERSION = YES;
				CLANG_WARN_OBJC_IMPLICIT_RETAIN_SELF = YES;
				CLANG_WARN_OBJC_LITERAL_CONVERSION = YES;
				CLANG_WARN_OBJC_ROOT_CLASS = YES_ERROR;
				CLANG_WARN_QUOTED_INCLUDE_IN_FRAMEWORK_HEADER = YES;
				CLANG_WARN_RANGE_LOOP_ANALYSIS = YES;
				CLANG_WARN_STRICT_PROTOTYPES = YES;
				CLANG_WARN_SUSPICIOUS_MOVE = YES;
				CLANG_WARN_UNGUARDED_AVAILABILITY = YES_AGGRESSIVE;
				CLANG_WARN_UNREACHABLE_CODE = YES;
				CLANG_WARN__DUPLICATE_METHOD_MATCH = YES;
				COPY_PHASE_STRIP = NO;
				DEBUG_INFORMATION_FORMAT = dwarf;
				ENABLE_STRICT_OBJC_MSGSEND = YES;
				ENABLE_TESTABILITY = YES;
				GCC_C_LANGUAGE_STANDARD = gnu11;
				GCC_DYNAMIC_NO_PIC = NO;
				GCC_NO_COMMON_BLOCKS = YES;
				GCC_OPTIMIZATION_LEVEL = 0;
				GCC_PREPROCESSOR_DEFINITIONS = (
					"DEBUG=1",
					"$(inherited)",
				);
				GCC_WARN_64_TO_32_BIT_CONVERSION = YES;
				GCC_WARN_ABOUT_RETURN_TYPE = YES_ERROR;
				GCC_WARN_UNDECLARED_SELECTOR = YES;
				GCC_WARN_UNINITIALIZED_AUTOS = YES_AGGRESSIVE;
				GCC_WARN_UNUSED_FUNCTION = YES;
				GCC_WARN_UNUSED_VARIABLE = YES;
				IPHONEOS_DEPLOYMENT_TARGET = 15.2;
				MTL_ENABLE_DEBUG_INFO = INCLUDE_SOURCE;
				MTL_FAST_MATH = YES;
				ONLY_ACTIVE_ARCH = YES;
				SDKROOT = iphoneos;
				SWIFT_ACTIVE_COMPILATION_CONDITIONS = DEBUG;
				SWIFT_OPTIMIZATION_LEVEL = "-Onone";
			};
			name = Debug;
		};
		06AB6FD12883E1BE005C8685 /* Release */ = {
			isa = XCBuildConfiguration;
			buildSettings = {
				ALWAYS_SEARCH_USER_PATHS = NO;
				CLANG_ANALYZER_NONNULL = YES;
				CLANG_ANALYZER_NUMBER_OBJECT_CONVERSION = YES_AGGRESSIVE;
				CLANG_CXX_LANGUAGE_STANDARD = "gnu++17";
				CLANG_CXX_LIBRARY = "libc++";
				CLANG_ENABLE_MODULES = YES;
				CLANG_ENABLE_OBJC_ARC = YES;
				CLANG_ENABLE_OBJC_WEAK = YES;
				CLANG_WARN_BLOCK_CAPTURE_AUTORELEASING = YES;
				CLANG_WARN_BOOL_CONVERSION = YES;
				CLANG_WARN_COMMA = YES;
				CLANG_WARN_CONSTANT_CONVERSION = YES;
				CLANG_WARN_DEPRECATED_OBJC_IMPLEMENTATIONS = YES;
				CLANG_WARN_DIRECT_OBJC_ISA_USAGE = YES_ERROR;
				CLANG_WARN_DOCUMENTATION_COMMENTS = YES;
				CLANG_WARN_EMPTY_BODY = YES;
				CLANG_WARN_ENUM_CONVERSION = YES;
				CLANG_WARN_INFINITE_RECURSION = YES;
				CLANG_WARN_INT_CONVERSION = YES;
				CLANG_WARN_NON_LITERAL_NULL_CONVERSION = YES;
				CLANG_WARN_OBJC_IMPLICIT_RETAIN_SELF = YES;
				CLANG_WARN_OBJC_LITERAL_CONVERSION = YES;
				CLANG_WARN_OBJC_ROOT_CLASS = YES_ERROR;
				CLANG_WARN_QUOTED_INCLUDE_IN_FRAMEWORK_HEADER = YES;
				CLANG_WARN_RANGE_LOOP_ANALYSIS = YES;
				CLANG_WARN_STRICT_PROTOTYPES = YES;
				CLANG_WARN_SUSPICIOUS_MOVE = YES;
				CLANG_WARN_UNGUARDED_AVAILABILITY = YES_AGGRESSIVE;
				CLANG_WARN_UNREACHABLE_CODE = YES;
				CLANG_WARN__DUPLICATE_METHOD_MATCH = YES;
				COPY_PHASE_STRIP = NO;
				DEBUG_INFORMATION_FORMAT = "dwarf-with-dsym";
				ENABLE_NS_ASSERTIONS = NO;
				ENABLE_STRICT_OBJC_MSGSEND = YES;
				GCC_C_LANGUAGE_STANDARD = gnu11;
				GCC_NO_COMMON_BLOCKS = YES;
				GCC_WARN_64_TO_32_BIT_CONVERSION = YES;
				GCC_WARN_ABOUT_RETURN_TYPE = YES_ERROR;
				GCC_WARN_UNDECLARED_SELECTOR = YES;
				GCC_WARN_UNINITIALIZED_AUTOS = YES_AGGRESSIVE;
				GCC_WARN_UNUSED_FUNCTION = YES;
				GCC_WARN_UNUSED_VARIABLE = YES;
				IPHONEOS_DEPLOYMENT_TARGET = 15.2;
				MTL_ENABLE_DEBUG_INFO = NO;
				MTL_FAST_MATH = YES;
				SDKROOT = iphoneos;
				SWIFT_COMPILATION_MODE = wholemodule;
				SWIFT_OPTIMIZATION_LEVEL = "-O";
				VALIDATE_PRODUCT = YES;
			};
			name = Release;
		};
		06AB6FD32883E1BE005C8685 /* Debug */ = {
			isa = XCBuildConfiguration;
			buildSettings = {
				ASSETCATALOG_COMPILER_APPICON_NAME = AppIcon;
				ASSETCATALOG_COMPILER_GLOBAL_ACCENT_COLOR_NAME = AccentColor;
				CODE_SIGN_STYLE = Automatic;
				CURRENT_PROJECT_VERSION = 1;
				DEVELOPMENT_TEAM = HV2A5T92ML;
				GENERATE_INFOPLIST_FILE = YES;
				INFOPLIST_FILE = Check24TestTask/Info.plist;
				INFOPLIST_KEY_UIApplicationSupportsIndirectInputEvents = YES;
				INFOPLIST_KEY_UILaunchStoryboardName = LaunchScreen;
				INFOPLIST_KEY_UIMainStoryboardFile = Main;
				INFOPLIST_KEY_UISupportedInterfaceOrientations_iPad = "UIInterfaceOrientationPortrait UIInterfaceOrientationPortraitUpsideDown UIInterfaceOrientationLandscapeLeft UIInterfaceOrientationLandscapeRight";
				INFOPLIST_KEY_UISupportedInterfaceOrientations_iPhone = "UIInterfaceOrientationPortrait UIInterfaceOrientationLandscapeLeft UIInterfaceOrientationLandscapeRight";
				LD_RUNPATH_SEARCH_PATHS = (
					"$(inherited)",
					"@executable_path/Frameworks",
				);
				MARKETING_VERSION = 1.0;
				PRODUCT_BUNDLE_IDENTIFIER = com.check24TestTask.Check24TestTask;
				PRODUCT_NAME = "$(TARGET_NAME)";
				SWIFT_EMIT_LOC_STRINGS = YES;
				SWIFT_VERSION = 5.0;
				TARGETED_DEVICE_FAMILY = "1,2";
			};
			name = Debug;
		};
		06AB6FD42883E1BE005C8685 /* Release */ = {
			isa = XCBuildConfiguration;
			buildSettings = {
				ASSETCATALOG_COMPILER_APPICON_NAME = AppIcon;
				ASSETCATALOG_COMPILER_GLOBAL_ACCENT_COLOR_NAME = AccentColor;
				CODE_SIGN_STYLE = Automatic;
				CURRENT_PROJECT_VERSION = 1;
				DEVELOPMENT_TEAM = HV2A5T92ML;
				GENERATE_INFOPLIST_FILE = YES;
				INFOPLIST_FILE = Check24TestTask/Info.plist;
				INFOPLIST_KEY_UIApplicationSupportsIndirectInputEvents = YES;
				INFOPLIST_KEY_UILaunchStoryboardName = LaunchScreen;
				INFOPLIST_KEY_UIMainStoryboardFile = Main;
				INFOPLIST_KEY_UISupportedInterfaceOrientations_iPad = "UIInterfaceOrientationPortrait UIInterfaceOrientationPortraitUpsideDown UIInterfaceOrientationLandscapeLeft UIInterfaceOrientationLandscapeRight";
				INFOPLIST_KEY_UISupportedInterfaceOrientations_iPhone = "UIInterfaceOrientationPortrait UIInterfaceOrientationLandscapeLeft UIInterfaceOrientationLandscapeRight";
				LD_RUNPATH_SEARCH_PATHS = (
					"$(inherited)",
					"@executable_path/Frameworks",
				);
				MARKETING_VERSION = 1.0;
				PRODUCT_BUNDLE_IDENTIFIER = com.check24TestTask.Check24TestTask;
				PRODUCT_NAME = "$(TARGET_NAME)";
				SWIFT_EMIT_LOC_STRINGS = YES;
				SWIFT_VERSION = 5.0;
				TARGETED_DEVICE_FAMILY = "1,2";
			};
			name = Release;
		};
/* End XCBuildConfiguration section */

/* Begin XCConfigurationList section */
		06AB6FB92883E1BD005C8685 /* Build configuration list for PBXProject "Check24TestTask" */ = {
			isa = XCConfigurationList;
			buildConfigurations = (
				06AB6FD02883E1BE005C8685 /* Debug */,
				06AB6FD12883E1BE005C8685 /* Release */,
			);
			defaultConfigurationIsVisible = 0;
			defaultConfigurationName = Release;
		};
		06AB6FD22883E1BE005C8685 /* Build configuration list for PBXNativeTarget "Check24TestTask" */ = {
			isa = XCConfigurationList;
			buildConfigurations = (
				06AB6FD32883E1BE005C8685 /* Debug */,
				06AB6FD42883E1BE005C8685 /* Release */,
			);
			defaultConfigurationIsVisible = 0;
			defaultConfigurationName = Release;
		};
/* End XCConfigurationList section */
	};
	rootObject = 06AB6FB62883E1BD005C8685 /* Project object */;
}
